
Microsoft Visual Studio Solution File, Format Version 12.00
# Visual Studio Version 16
VisualStudioVersion = 16.0.30002.166
MinimumVisualStudioVersion = 10.0.40219.1
Project("{FAE04EC0-301F-11D3-BF4B-00C04F79EFBC}") = "Shop.Common", "Shop.Common\Shop.Common.csproj", "{F4F32AA8-91ED-431C-A687-82CC3237F736}"
EndProject
Project("{2150E333-8FDC-42A3-9474-1A3956D46DE8}") = "Frontend", "Frontend", "{334A6D25-168D-4C2A-B050-6EFA15B5B0C9}"
EndProject
Project("{2150E333-8FDC-42A3-9474-1A3956D46DE8}") = "Backend", "Backend", "{743D870D-780F-461D-B7A4-0B21A0EC8F48}"
EndProject
Project("{2150E333-8FDC-42A3-9474-1A3956D46DE8}") = "Forms", "Forms", "{B944F295-D8CF-48F8-B69A-E387AE5FD791}"
EndProject
Project("{2150E333-8FDC-42A3-9474-1A3956D46DE8}") = "Classic", "Classic", "{FF03BE07-41FD-434F-8084-2B4DE451B035}"
EndProject
Project("{FAE04EC0-301F-11D3-BF4B-00C04F79EFBC}") = "Shop.UIClassic.iOS", "Shop.UIClassic.iOS\Shop.UIClassic.iOS.csproj", "{C15972C8-9529-49C6-B289-3E89041EF58E}"
EndProject
Project("{FAE04EC0-301F-11D3-BF4B-00C04F79EFBC}") = "Shop.UIClassic.Android", "Shop.UIClassic.Android\Shop.UIClassic.Android.csproj", "{ED3ACF95-B7F9-4140-A87C-968AF0CE50F0}"
EndProject
Project("{FAE04EC0-301F-11D3-BF4B-00C04F79EFBC}") = "Shop.UIClassic", "Shop.UIClassic\Shop.UIClassic.csproj", "{3F08DFE0-01C7-4631-ACBD-018B41D1DF7C}"
EndProject
Project("{FAE04EC0-301F-11D3-BF4B-00C04F79EFBC}") = "Shop.UIForms.Android", "Shop.UIForms\Shop.UIForms.Android\Shop.UIForms.Android.csproj", "{3E3C0ACA-66B5-4F90-8E2E-A77AA9795FAD}"
EndProject
Project("{FAE04EC0-301F-11D3-BF4B-00C04F79EFBC}") = "Shop.UIForms.iOS", "Shop.UIForms\Shop.UIForms.iOS\Shop.UIForms.iOS.csproj", "{5B627A9A-1FC9-4900-81EB-BF1BD84DEE09}"
EndProject
Project("{FAE04EC0-301F-11D3-BF4B-00C04F79EFBC}") = "Shop.UIForms", "Shop.UIForms\Shop.UIForms\Shop.UIForms.csproj", "{B1C817C9-938A-4419-8B9A-FC02CBDC561E}"
EndProject
Project("{FAE04EC0-301F-11D3-BF4B-00C04F79EFBC}") = "Shop.Web", "Shop.Web\Shop.Web.csproj", "{933302B5-EDC6-4921-AA9F-F9C8B002E92D}"
EndProject
Global
	GlobalSection(SolutionConfigurationPlatforms) = preSolution
		Debug|Any CPU = Debug|Any CPU
		Debug|iPhone = Debug|iPhone
		Debug|iPhoneSimulator = Debug|iPhoneSimulator
		Release|Any CPU = Release|Any CPU
		Release|iPhone = Release|iPhone
		Release|iPhoneSimulator = Release|iPhoneSimulator
	EndGlobalSection
	GlobalSection(ProjectConfigurationPlatforms) = postSolution
		{F4F32AA8-91ED-431C-A687-82CC3237F736}.Debug|Any CPU.ActiveCfg = Debug|Any CPU
		{F4F32AA8-91ED-431C-A687-82CC3237F736}.Debug|Any CPU.Build.0 = Debug|Any CPU
		{F4F32AA8-91ED-431C-A687-82CC3237F736}.Debug|iPhone.ActiveCfg = Debug|Any CPU
		{F4F32AA8-91ED-431C-A687-82CC3237F736}.Debug|iPhone.Build.0 = Debug|Any CPU
		{F4F32AA8-91ED-431C-A687-82CC3237F736}.Debug|iPhoneSimulator.ActiveCfg = Debug|Any CPU
		{F4F32AA8-91ED-431C-A687-82CC3237F736}.Debug|iPhoneSimulator.Build.0 = Debug|Any CPU
		{F4F32AA8-91ED-431C-A687-82CC3237F736}.Release|Any CPU.ActiveCfg = Release|Any CPU
		{F4F32AA8-91ED-431C-A687-82CC3237F736}.Release|Any CPU.Build.0 = Release|Any CPU
		{F4F32AA8-91ED-431C-A687-82CC3237F736}.Release|iPhone.ActiveCfg = Release|Any CPU
		{F4F32AA8-91ED-431C-A687-82CC3237F736}.Release|iPhone.Build.0 = Release|Any CPU
		{F4F32AA8-91ED-431C-A687-82CC3237F736}.Release|iPhoneSimulator.ActiveCfg = Release|Any CPU
		{F4F32AA8-91ED-431C-A687-82CC3237F736}.Release|iPhoneSimulator.Build.0 = Release|Any CPU
		{C15972C8-9529-49C6-B289-3E89041EF58E}.Debug|Any CPU.ActiveCfg = Debug|iPhone
		{C15972C8-9529-49C6-B289-3E89041EF58E}.Debug|iPhone.ActiveCfg = Debug|iPhone
		{C15972C8-9529-49C6-B289-3E89041EF58E}.Debug|iPhone.Build.0 = Debug|iPhone
		{C15972C8-9529-49C6-B289-3E89041EF58E}.Debug|iPhoneSimulator.ActiveCfg = Debug|iPhoneSimulator
		{C15972C8-9529-49C6-B289-3E89041EF58E}.Debug|iPhoneSimulator.Build.0 = Debug|iPhoneSimulator
		{C15972C8-9529-49C6-B289-3E89041EF58E}.Release|Any CPU.ActiveCfg = Release|iPhone
		{C15972C8-9529-49C6-B289-3E89041EF58E}.Release|iPhone.ActiveCfg = Release|iPhone
		{C15972C8-9529-49C6-B289-3E89041EF58E}.Release|iPhone.Build.0 = Release|iPhone
		{C15972C8-9529-49C6-B289-3E89041EF58E}.Release|iPhoneSimulator.ActiveCfg = Release|iPhoneSimulator
		{C15972C8-9529-49C6-B289-3E89041EF58E}.Release|iPhoneSimulator.Build.0 = Release|iPhoneSimulator
		{ED3ACF95-B7F9-4140-A87C-968AF0CE50F0}.Debug|Any CPU.ActiveCfg = Debug|Any CPU
		{ED3ACF95-B7F9-4140-A87C-968AF0CE50F0}.Debug|Any CPU.Build.0 = Debug|Any CPU
		{ED3ACF95-B7F9-4140-A87C-968AF0CE50F0}.Debug|Any CPU.Deploy.0 = Debug|Any CPU
		{ED3ACF95-B7F9-4140-A87C-968AF0CE50F0}.Debug|iPhone.ActiveCfg = Debug|Any CPU
		{ED3ACF95-B7F9-4140-A87C-968AF0CE50F0}.Debug|iPhone.Build.0 = Debug|Any CPU
		{ED3ACF95-B7F9-4140-A87C-968AF0CE50F0}.Debug|iPhone.Deploy.0 = Debug|Any CPU
		{ED3ACF95-B7F9-4140-A87C-968AF0CE50F0}.Debug|iPhoneSimulator.ActiveCfg = Debug|Any CPU
		{ED3ACF95-B7F9-4140-A87C-968AF0CE50F0}.Debug|iPhoneSimulator.Build.0 = Debug|Any CPU
		{ED3ACF95-B7F9-4140-A87C-968AF0CE50F0}.Debug|iPhoneSimulator.Deploy.0 = Debug|Any CPU
		{ED3ACF95-B7F9-4140-A87C-968AF0CE50F0}.Release|Any CPU.ActiveCfg = Release|Any CPU
		{ED3ACF95-B7F9-4140-A87C-968AF0CE50F0}.Release|Any CPU.Build.0 = Release|Any CPU
		{ED3ACF95-B7F9-4140-A87C-968AF0CE50F0}.Release|Any CPU.Deploy.0 = Release|Any CPU
		{ED3ACF95-B7F9-4140-A87C-968AF0CE50F0}.Release|iPhone.ActiveCfg = Release|Any CPU
		{ED3ACF95-B7F9-4140-A87C-968AF0CE50F0}.Release|iPhone.Build.0 = Release|Any CPU
		{ED3ACF95-B7F9-4140-A87C-968AF0CE50F0}.Release|iPhone.Deploy.0 = Release|Any CPU
		{ED3ACF95-B7F9-4140-A87C-968AF0CE50F0}.Release|iPhoneSimulator.ActiveCfg = Release|Any CPU
		{ED3ACF95-B7F9-4140-A87C-968AF0CE50F0}.Release|iPhoneSimulator.Build.0 = Release|Any CPU
		{ED3ACF95-B7F9-4140-A87C-968AF0CE50F0}.Release|iPhoneSimulator.Deploy.0 = Release|Any CPU
		{3F08DFE0-01C7-4631-ACBD-018B41D1DF7C}.Debug|Any CPU.ActiveCfg = Debug|Any CPU
		{3F08DFE0-01C7-4631-ACBD-018B41D1DF7C}.Debug|Any CPU.Build.0 = Debug|Any CPU
		{3F08DFE0-01C7-4631-ACBD-018B41D1DF7C}.Debug|iPhone.ActiveCfg = Debug|Any CPU
		{3F08DFE0-01C7-4631-ACBD-018B41D1DF7C}.Debug|iPhone.Build.0 = Debug|Any CPU
		{3F08DFE0-01C7-4631-ACBD-018B41D1DF7C}.Debug|iPhoneSimulator.ActiveCfg = Debug|Any CPU
		{3F08DFE0-01C7-4631-ACBD-018B41D1DF7C}.Debug|iPhoneSimulator.Build.0 = Debug|Any CPU
		{3F08DFE0-01C7-4631-ACBD-018B41D1DF7C}.Release|Any CPU.ActiveCfg = Release|Any CPU
		{3F08DFE0-01C7-4631-ACBD-018B41D1DF7C}.Release|Any CPU.Build.0 = Release|Any CPU
		{3F08DFE0-01C7-4631-ACBD-018B41D1DF7C}.Release|iPhone.ActiveCfg = Release|Any CPU
		{3F08DFE0-01C7-4631-ACBD-018B41D1DF7C}.Release|iPhone.Build.0 = Release|Any CPU
		{3F08DFE0-01C7-4631-ACBD-018B41D1DF7C}.Release|iPhoneSimulator.ActiveCfg = Release|Any CPU
		{3F08DFE0-01C7-4631-ACBD-018B41D1DF7C}.Release|iPhoneSimulator.Build.0 = Release|Any CPU
		{3E3C0ACA-66B5-4F90-8E2E-A77AA9795FAD}.Debug|Any CPU.ActiveCfg = Debug|Any CPU
		{3E3C0ACA-66B5-4F90-8E2E-A77AA9795FAD}.Debug|Any CPU.Build.0 = Debug|Any CPU
		{3E3C0ACA-66B5-4F90-8E2E-A77AA9795FAD}.Debug|Any CPU.Deploy.0 = Debug|Any CPU
		{3E3C0ACA-66B5-4F90-8E2E-A77AA9795FAD}.Debug|iPhone.ActiveCfg = Debug|Any CPU
		{3E3C0ACA-66B5-4F90-8E2E-A77AA9795FAD}.Debug|iPhone.Build.0 = Debug|Any CPU
		{3E3C0ACA-66B5-4F90-8E2E-A77AA9795FAD}.Debug|iPhone.Deploy.0 = Debug|Any CPU
		{3E3C0ACA-66B5-4F90-8E2E-A77AA9795FAD}.Debug|iPhoneSimulator.ActiveCfg = Debug|Any CPU
		{3E3C0ACA-66B5-4F90-8E2E-A77AA9795FAD}.Debug|iPhoneSimulator.Build.0 = Debug|Any CPU
		{3E3C0ACA-66B5-4F90-8E2E-A77AA9795FAD}.Debug|iPhoneSimulator.Deploy.0 = Debug|Any CPU
		{3E3C0ACA-66B5-4F90-8E2E-A77AA9795FAD}.Release|Any CPU.ActiveCfg = Release|Any CPU
		{3E3C0ACA-66B5-4F90-8E2E-A77AA9795FAD}.Release|Any CPU.Build.0 = Release|Any CPU
		{3E3C0ACA-66B5-4F90-8E2E-A77AA9795FAD}.Release|Any CPU.Deploy.0 = Release|Any CPU
		{3E3C0ACA-66B5-4F90-8E2E-A77AA9795FAD}.Release|iPhone.ActiveCfg = Release|Any CPU
		{3E3C0ACA-66B5-4F90-8E2E-A77AA9795FAD}.Release|iPhone.Build.0 = Release|Any CPU
		{3E3C0ACA-66B5-4F90-8E2E-A77AA9795FAD}.Release|iPhone.Deploy.0 = Release|Any CPU
		{3E3C0ACA-66B5-4F90-8E2E-A77AA9795FAD}.Release|iPhoneSimulator.ActiveCfg = Release|Any CPU
		{3E3C0ACA-66B5-4F90-8E2E-A77AA9795FAD}.Release|iPhoneSimulator.Build.0 = Release|Any CPU
		{3E3C0ACA-66B5-4F90-8E2E-A77AA9795FAD}.Release|iPhoneSimulator.Deploy.0 = Release|Any CPU
		{5B627A9A-1FC9-4900-81EB-BF1BD84DEE09}.Debug|Any CPU.ActiveCfg = Debug|iPhone
		{5B627A9A-1FC9-4900-81EB-BF1BD84DEE09}.Debug|iPhone.ActiveCfg = Debug|iPhone
		{5B627A9A-1FC9-4900-81EB-BF1BD84DEE09}.Debug|iPhone.Build.0 = Debug|iPhone
		{5B627A9A-1FC9-4900-81EB-BF1BD84DEE09}.Debug|iPhoneSimulator.ActiveCfg = Debug|iPhoneSimulator
		{5B627A9A-1FC9-4900-81EB-BF1BD84DEE09}.Debug|iPhoneSimulator.Build.0 = Debug|iPhoneSimulator
		{5B627A9A-1FC9-4900-81EB-BF1BD84DEE09}.Release|Any CPU.ActiveCfg = Release|iPhone
		{5B627A9A-1FC9-4900-81EB-BF1BD84DEE09}.Release|iPhone.ActiveCfg = Release|iPhone
		{5B627A9A-1FC9-4900-81EB-BF1BD84DEE09}.Release|iPhone.Build.0 = Release|iPhone
		{5B627A9A-1FC9-4900-81EB-BF1BD84DEE09}.Release|iPhoneSimulator.ActiveCfg = Release|iPhoneSimulator
		{5B627A9A-1FC9-4900-81EB-BF1BD84DEE09}.Release|iPhoneSimulator.Build.0 = Release|iPhoneSimulator
		{B1C817C9-938A-4419-8B9A-FC02CBDC561E}.Debug|Any CPU.ActiveCfg = Debug|Any CPU
		{B1C817C9-938A-4419-8B9A-FC02CBDC561E}.Debug|Any CPU.Build.0 = Debug|Any CPU
		{B1C817C9-938A-4419-8B9A-FC02CBDC561E}.Debug|iPhone.ActiveCfg = Debug|Any CPU
		{B1C817C9-938A-4419-8B9A-FC02CBDC561E}.Debug|iPhone.Build.0 = Debug|Any CPU
		{B1C817C9-938A-4419-8B9A-FC02CBDC561E}.Debug|iPhoneSimulator.ActiveCfg = Debug|Any CPU
		{B1C817C9-938A-4419-8B9A-FC02CBDC561E}.Debug|iPhoneSimulator.Build.0 = Debug|Any CPU
		{B1C817C9-938A-4419-8B9A-FC02CBDC561E}.Release|Any CPU.ActiveCfg = Release|Any CPU
		{B1C817C9-938A-4419-8B9A-FC02CBDC561E}.Release|Any CPU.Build.0 = Release|Any CPU
		{B1C817C9-938A-4419-8B9A-FC02CBDC561E}.Release|iPhone.ActiveCfg = Release|Any CPU
		{B1C817C9-938A-4419-8B9A-FC02CBDC561E}.Release|iPhone.Build.0 = Release|Any CPU
		{B1C817C9-938A-4419-8B9A-FC02CBDC561E}.Release|iPhoneSimulator.ActiveCfg = Release|Any CPU
		{B1C817C9-938A-4419-8B9A-FC02CBDC561E}.Release|iPhoneSimulator.Build.0 = Release|Any CPU
		{933302B5-EDC6-4921-AA9F-F9C8B002E92D}.Debug|Any CPU.ActiveCfg = Debug|Any CPU
		{933302B5-EDC6-4921-AA9F-F9C8B002E92D}.Debug|Any CPU.Build.0 = Debug|Any CPU
		{933302B5-EDC6-4921-AA9F-F9C8B002E92D}.Debug|iPhone.ActiveCfg = Debug|Any CPU
		{933302B5-EDC6-4921-AA9F-F9C8B002E92D}.Debug|iPhone.Build.0 = Debug|Any CPU
		{933302B5-EDC6-4921-AA9F-F9C8B002E92D}.Debug|iPhoneSimulator.ActiveCfg = Debug|Any CPU
		{933302B5-EDC6-4921-AA9F-F9C8B002E92D}.Debug|iPhoneSimulator.Build.0 = Debug|Any CPU
		{933302B5-EDC6-4921-AA9F-F9C8B002E92D}.Release|Any CPU.ActiveCfg = Release|Any CPU
		{933302B5-EDC6-4921-AA9F-F9C8B002E92D}.Release|Any CPU.Build.0 = Release|Any CPU
		{933302B5-EDC6-4921-AA9F-F9C8B002E92D}.Release|iPhone.ActiveCfg = Release|Any CPU
		{933302B5-EDC6-4921-AA9F-F9C8B002E92D}.Release|iPhone.Build.0 = Release|Any CPU
		{933302B5-EDC6-4921-AA9F-F9C8B002E92D}.Release|iPhoneSimulator.ActiveCfg = Release|Any CPU
		{933302B5-EDC6-4921-AA9F-F9C8B002E92D}.Release|iPhoneSimulator.Build.0 = Release|Any CPU
	EndGlobalSection
	GlobalSection(SolutionProperties) = preSolution
		HideSolutionNode = FALSE
	EndGlobalSection
	GlobalSection(NestedProjects) = preSolution
		{B944F295-D8CF-48F8-B69A-E387AE5FD791} = {334A6D25-168D-4C2A-B050-6EFA15B5B0C9}
		{FF03BE07-41FD-434F-8084-2B4DE451B035} = {334A6D25-168D-4C2A-B050-6EFA15B5B0C9}
		{C15972C8-9529-49C6-B289-3E89041EF58E} = {FF03BE07-41FD-434F-8084-2B4DE451B035}
		{ED3ACF95-B7F9-4140-A87C-968AF0CE50F0} = {FF03BE07-41FD-434F-8084-2B4DE451B035}
		{3F08DFE0-01C7-4631-ACBD-018B41D1DF7C} = {FF03BE07-41FD-434F-8084-2B4DE451B035}
		{3E3C0ACA-66B5-4F90-8E2E-A77AA9795FAD} = {B944F295-D8CF-48F8-B69A-E387AE5FD791}
		{5B627A9A-1FC9-4900-81EB-BF1BD84DEE09} = {B944F295-D8CF-48F8-B69A-E387AE5FD791}
		{B1C817C9-938A-4419-8B9A-FC02CBDC561E} = {B944F295-D8CF-48F8-B69A-E387AE5FD791}
		{933302B5-EDC6-4921-AA9F-F9C8B002E92D} = {743D870D-780F-461D-B7A4-0B21A0EC8F48}
	EndGlobalSection
	GlobalSection(ExtensibilityGlobals) = postSolution
		SolutionGuid = {C5A36D93-01E4-4AAA-9F14-13DC2DF03896}
	EndGlobalSection
EndGlobal
